
Microsoft Visual Studio Solution File, Format Version 12.00
# Blend for Visual Studio Version 16
VisualStudioVersion = 16.0.31702.278
MinimumVisualStudioVersion = 10.0.40219.1
Project("{FAE04EC0-301F-11D3-BF4B-00C04F79EFBC}") = "Geometry_lab", "Geometry_lab\Geometry_lab.csproj", "{CE33A3A3-2A83-4457-8DE9-59B2C0B4115F}"
EndProject
Project("{FAE04EC0-301F-11D3-BF4B-00C04F79EFBC}") = "Blend_lab", "Blend_lab\Blend_lab.csproj", "{9500B2CE-7289-4398-A752-0CBF7BEC3AFA}"
EndProject
Global
	GlobalSection(SolutionConfigurationPlatforms) = preSolution
		Debug|Any CPU = Debug|Any CPU
		Release|Any CPU = Release|Any CPU
	EndGlobalSection
	GlobalSection(ProjectConfigurationPlatforms) = postSolution
		{CE33A3A3-2A83-4457-8DE9-59B2C0B4115F}.Debug|Any CPU.ActiveCfg = Debug|Any CPU
		{CE33A3A3-2A83-4457-8DE9-59B2C0B4115F}.Debug|Any CPU.Build.0 = Debug|Any CPU
		{CE33A3A3-2A83-4457-8DE9-59B2C0B4115F}.Release|Any CPU.ActiveCfg = Release|Any CPU
		{CE33A3A3-2A83-4457-8DE9-59B2C0B4115F}.Release|Any CPU.Build.0 = Release|Any CPU
		{9500B2CE-7289-4398-A752-0CBF7BEC3AFA}.Debug|Any CPU.ActiveCfg = Debug|Any CPU
		{9500B2CE-7289-4398-A752-0CBF7BEC3AFA}.Debug|Any CPU.Build.0 = Debug|Any CPU
		{9500B2CE-7289-4398-A752-0CBF7BEC3AFA}.Release|Any CPU.ActiveCfg = Release|Any CPU
		{9500B2CE-7289-4398-A752-0CBF7BEC3AFA}.Release|Any CPU.Build.0 = Release|Any CPU
	EndGlobalSection
	GlobalSection(SolutionProperties) = preSolution
		HideSolutionNode = FALSE
	EndGlobalSection
	GlobalSection(ExtensibilityGlobals) = postSolution
		SolutionGuid = {14FE5110-05B8-434B-AD26-100416EC983B}
	EndGlobalSection
EndGlobal
